
Microsoft Visual Studio Solution File, Format Version 12.00
# Visual Studio Version 17
VisualStudioVersion = 17.10.35122.118
MinimumVisualStudioVersion = 10.0.40219.1
Project("{FAE04EC0-301F-11D3-BF4B-00C04F79EFBC}") = "Week14-OOP", "Week14-OOP\Week14-OOP.csproj", "{4432E402-25F7-4DB9-824A-74D3B27ED0F4}"
EndProject
Global
	GlobalSection(SolutionConfigurationPlatforms) = preSolution
		Debug|Any CPU = Debug|Any CPU
		Release|Any CPU = Release|Any CPU
	EndGlobalSection
	GlobalSection(ProjectConfigurationPlatforms) = postSolution
		{4432E402-25F7-4DB9-824A-74D3B27ED0F4}.Debug|Any CPU.ActiveCfg = Debug|Any CPU
		{4432E402-25F7-4DB9-824A-74D3B27ED0F4}.Debug|Any CPU.Build.0 = Debug|Any CPU
		{4432E402-25F7-4DB9-824A-74D3B27ED0F4}.Release|Any CPU.ActiveCfg = Release|Any CPU
		{4432E402-25F7-4DB9-824A-74D3B27ED0F4}.Release|Any CPU.Build.0 = Release|Any CPU
	EndGlobalSection
	GlobalSection(SolutionProperties) = preSolution
		HideSolutionNode = FALSE
	EndGlobalSection
	GlobalSection(ExtensibilityGlobals) = postSolution
		SolutionGuid = {0FF28B3C-B79F-4AD2-9F0E-3203DE756786}
	EndGlobalSection
EndGlobal
